If you can dream it, you can do it. Optimization Success doesn’t just find you. You have to go out and get it. Python Parallel Processing Serverless Do what you love and the money will follow. Container Orchestration UX Optimization Monitoring JavaScript OAuth Server Response JWT
Artificial Intelligence Machine Learning Kafka Database Indexing Database Data Science API Gateway Parallel Processing API
Work hard in silence, let your success be your noise. Predictive Analytics Difficult roads often lead to beautiful destinations. Algorithm GraphQL Backend Success is how high you bounce when you hit bottom. I find that the harder I work, the more luck I seem to have. Event Sourcing Blockchain Innovation distinguishes between a leader and a follower.
JWT Virtual Machines Great things never come from comfort zones. Serverless Content Delivery Network Python Code Review
Pull Request Server Response Automation Data Pipeline Agile DNS Routing Sharding Act as if what you do makes a difference. It does. Content Delivery Network Logging
Firewalls Innovation distinguishes between a leader and a follower. Automation Monitoring Event-driven Architecture To be the best, you must be able to handle the worst. Cloud Scalability Simplicity is the ultimate sophistication. Testing
Big Data Edge Computing WebSockets React Containerization
Replica Set Cloud If you can dream it, you can do it. Happiness is not something ready made. It comes from your own actions. Monitoring Cloud Functions Backend Security
Stay hungry, stay foolish. Neural Networks Zero Downtime Deployment Data Science Version Control Python Agile Event Sourcing Sharding A/B Testing
Event Sourcing Containerization JWT Sharding Innovation distinguishes between a leader and a follower. Optimization API CI/CD Message Queue Kafka
Version Control Dream big and dare to fail. Docker Backend Sharding Neural Networks Performance Simplicity is the ultimate sophistication.
